Microsoft Visual Studio Solution File, Format Version 12.00
# Visual Studio 14
VisualStudioVersion = 14.0.25420.1
MinimumVisualStudioVersion = 10.0.40219.1
Project("{FAE04EC0-405F-11D3-BF4B-00C04F79EFBC}") = "Entity.Tests", "Entity\Entity.Tests.csproj", "{73EB9115-FAA7-49C3-867A-44FDF117DF58}"
EndProject
Project("{FAE04EC0-405F-11D3-BF4B-00C04F79EFBC}") = "API.Test", "WebAPI\API.Test.csproj", "{5D72A09D-1023-415D-83D8-2654E8B4A49F}"
EndProject
Global
	GlobalSection(SolutionConfigurationPlatforms) = preSolution
		Debug|Any CPU = Debug|Any CPU
		Release|Any CPU = Release|Any CPU
	EndGlobalSection
	GlobalSection(ProjectConfigurationPlatforms) = postSolution
		{73EB9115-FAA7-49C3-867A-44FDF117DF58}.Debug|Any CPU.ActiveCfg = Debug|Any CPU
		{73EB9115-FAA7-49C3-867A-44FDF117DF58}.Debug|Any CPU.Build.0 = Debug|Any CPU
		{73EB9115-FAA7-49C3-867A-44FDF117DF58}.Release|Any CPU.ActiveCfg = Release|Any CPU
		{73EB9115-FAA7-49C3-867A-44FDF117DF58}.Release|Any CPU.Build.0 = Release|Any CPU
		{5D72A09D-1023-415D-83D8-2654E8B4A49F}.Debug|Any CPU.ActiveCfg = Debug|Any CPU
		{5D72A09D-1023-415D-83D8-2654E8B4A49F}.Debug|Any CPU.Build.0 = Debug|Any CPU
		{5D72A09D-1023-415D-83D8-2654E8B4A49F}.Release|Any CPU.ActiveCfg = Release|Any CPU
		{5D72A09D-1023-415D-83D8-2654E8B4A49F}.Release|Any CPU.Build.0 = Release|Any CPU
	EndGlobalSection
	GlobalSection(SolutionProperties) = preSolution
		HideSolutionNode = FALSE
	EndGlobalSection
EndGlobal
