
Microsoft Visual Studio Solution File, Format Version 12.00
# Visual Studio 15
VisualStudioVersion = 15.0.27428.2027
MinimumVisualStudioVersion = 10.0.40219.1
Project("{9A19103F-16F7-4668-BE54-9A1E7A4F7556}") = "SonarSolutionsAnalyzer.Tests", "SonarSolutionsAnalyzer.Tests\SonarSolutionsAnalyzer.Tests.csproj", "{14935E18-5325-4F40-8A65-B29A88004B69}"
EndProject
Project("{9A19103F-16F7-4668-BE54-9A1E7A4F7556}") = "SonarSolutionAnalyzer", "SonarSolutionAnalyzer\SonarSolutionAnalyzer.csproj", "{545B31AB-DA6C-43B7-AC8B-2A11DE9E05B6}"
EndProject
Project("{2150E333-8FDC-42A3-9474-1A3956D46DE8}") = "Solution Items", "Solution Items", "{3F79F0BD-E338-4B93-9867-072F51B894F0}"
	ProjectSection(SolutionItems) = preProject
		analysis-runner.bat = analysis-runner.bat
		configuration.json = configuration.json
		sonar-runner.ps1 = sonar-runner.ps1
	EndProjectSection
EndProject
Global
	GlobalSection(SolutionConfigurationPlatforms) = preSolution
		Debug|Any CPU = Debug|Any CPU
		Release|Any CPU = Release|Any CPU
	EndGlobalSection
	GlobalSection(ProjectConfigurationPlatforms) = postSolution
		{14935E18-5325-4F40-8A65-B29A88004B69}.Debug|Any CPU.ActiveCfg = Debug|Any CPU
		{14935E18-5325-4F40-8A65-B29A88004B69}.Debug|Any CPU.Build.0 = Debug|Any CPU
		{14935E18-5325-4F40-8A65-B29A88004B69}.Release|Any CPU.ActiveCfg = Release|Any CPU
		{14935E18-5325-4F40-8A65-B29A88004B69}.Release|Any CPU.Build.0 = Release|Any CPU
		{545B31AB-DA6C-43B7-AC8B-2A11DE9E05B6}.Debug|Any CPU.ActiveCfg = Debug|Any CPU
		{545B31AB-DA6C-43B7-AC8B-2A11DE9E05B6}.Debug|Any CPU.Build.0 = Debug|Any CPU
		{545B31AB-DA6C-43B7-AC8B-2A11DE9E05B6}.Release|Any CPU.ActiveCfg = Release|Any CPU
		{545B31AB-DA6C-43B7-AC8B-2A11DE9E05B6}.Release|Any CPU.Build.0 = Release|Any CPU
	EndGlobalSection
	GlobalSection(SolutionProperties) = preSolution
		HideSolutionNode = FALSE
	EndGlobalSection
	GlobalSection(ExtensibilityGlobals) = postSolution
		SolutionGuid = {ECD82E2A-7DBC-420E-A975-29C95F825433}
	EndGlobalSection
EndGlobal
